// !$*UTF8*$!
{
	archiveVersion = 1;
	classes = {
	};
	objectVersion = 46;
	objects = {

/* Begin PBXBuildFile section */
		71F8307F1F3CC550004A0E22 /* AppDelegate.swift in Sources */ = {isa = PBXBuildFile; fileRef = 71F8307E1F3CC550004A0E22 /* AppDelegate.swift */; };
		71F830811F3CC550004A0E22 /* LoginVC.swift in Sources */ = {isa = PBXBuildFile; fileRef = 71F830801F3CC550004A0E22 /* LoginVC.swift */; };
		71F830841F3CC550004A0E22 /* Main.storyboard in Resources */ = {isa = PBXBuildFile; fileRef = 71F830821F3CC550004A0E22 /* Main.storyboard */; };
		71F830861F3CC550004A0E22 /* Assets.xcassets in Resources */ = {isa = PBXBuildFile; fileRef = 71F830851F3CC550004A0E22 /* Assets.xcassets */; };
		71F830891F3CC550004A0E22 /* LaunchScreen.storyboard in Resources */ = {isa = PBXBuildFile; fileRef = 71F830871F3CC550004A0E22 /* LaunchScreen.storyboard */; };
		71F830911F3CC777004A0E22 /* MusicListVC.swift in Sources */ = {isa = PBXBuildFile; fileRef = 71F830901F3CC777004A0E22 /* MusicListVC.swift */; };
/* End PBXBuildFile section */

/* Begin PBXFileReference section */
		71F8307B1F3CC550004A0E22 /* SwappingScreens.app */ = {isa = PBXFileReference; explicitFileType = wrapper.application; includeInIndex = 0; path = SwappingScreens.app; sourceTree = BUILT_PRODUCTS_DIR; };
		71F8307E1F3CC550004A0E22 /* AppDelegate.swift */ = {isa = PBXFileReference; lastKnownFileType = sourcecode.swift; path = AppDelegate.swift; sourceTree = "<group>"; };
		71F830801F3CC550004A0E22 /* LoginVC.swift */ = {isa = PBXFileReference; lastKnownFileType = sourcecode.swift; path = LoginVC.swift; sourceTree = "<group>"; };
		71F830831F3CC550004A0E22 /* Base */ = {isa = PBXFileReference; lastKnownFileType = file.storyboard; name = Base; path = Base.lproj/Main.storyboard; sourceTree = "<group>"; };
		71F830851F3CC550004A0E22 /* Assets.xcassets */ = {isa = PBXFileReference; lastKnownFileType = folder.assetcatalog; path = Assets.xcassets; sourceTree = "<group>"; };
		71F830881F3CC550004A0E22 /* Base */ = {isa = PBXFileReference; lastKnownFileType = file.storyboard; name = Base; path = Base.lproj/LaunchScreen.storyboard; sourceTree = "<group>"; };
		71F8308A1F3CC550004A0E22 /* Info.plist */ = {isa = PBXFileReference; lastKnownFileType = text.plist.xml; path = Info.plist; sourceTree = "<group>"; };
		71F830901F3CC777004A0E22 /* MusicListVC.swift */ = {isa = PBXFileReference; fileEncoding = 4; lastKnownFileType = sourcecode.swift; path = MusicListVC.swift; sourceTree = "<group>"; };
/* End PBXFileReference section */

/* Begin PBXFrameworksBuildPhase section */
		71F830781F3CC550004A0E22 /* Frameworks */ = {
			isa = PBXFrameworksBuildPhase;
			buildActionMask = 2147483647;
			files = (
			);
			runOnlyForDeploymentPostprocessing = 0;
		};
/* End PBXFrameworksBuildPhase section */

/* Begin PBXGroup section */
		71F830721F3CC550004A0E22 = {
			isa = PBXGroup;
			children = (
				71F8307D1F3CC550004A0E22 /* SwappingScreens */,
				71F8307C1F3CC550004A0E22 /* Products */,
			);
			sourceTree = "<group>";
		};
		71F8307C1F3CC550004A0E22 /* Products */ = {
			isa = PBXGroup;
			children = (
				71F8307B1F3CC550004A0E22 /* SwappingScreens.app */,
			);
			name = Products;
			sourceTree = "<group>";
		};
		71F8307D1F3CC550004A0E22 /* SwappingScreens */ = {
			isa = PBXGroup;
			children = (
				71F8307E1F3CC550004A0E22 /* AppDelegate.swift */,
				71F830801F3CC550004A0E22 /* LoginVC.swift */,
				71F830821F3CC550004A0E22 /* Main.storyboard */,
				71F830851F3CC550004A0E22 /* Assets.xcassets */,
				71F830871F3CC550004A0E22 /* LaunchScreen.storyboard */,
				71F8308A1F3CC550004A0E22 /* Info.plist */,
				71F830901F3CC777004A0E22 /* MusicListVC.swift */,
			);
			path = SwappingScreens;
			sourceTree = "<group>";
		};
/* End PBXGroup section */

/* Begin PBXNativeTarget section */
		71F8307A1F3CC550004A0E22 /* SwappingScreens */ = {
			isa = PBXNativeTarget;
			buildConfigurationList = 71F8308D1F3CC550004A0E22 /* Build configuration list for PBXNativeTarget "SwappingScreens" */;
			buildPhases = (
				71F830771F3CC550004A0E22 /* Sources */,
				71F830781F3CC550004A0E22 /* Frameworks */,
				71F830791F3CC550004A0E22 /* Resources */,
			);
			buildRules = (
			);
			dependencies = (
			);
			name = SwappingScreens;
			productName = SwappingScreens;
			productReference = 71F8307B1F3CC550004A0E22 /* SwappingScreens.app */;
			productType = "com.apple.product-type.application";
		};
/* End PBXNativeTarget section */

/* Begin PBXProject section */
		71F830731F3CC550004A0E22 /* Project object */ = {
			isa = PBXProject;
			attributes = {
				LastSwiftUpdateCheck = 0800;
				LastUpgradeCheck = 0800;
				ORGANIZATIONNAME = dmgudeman;
				TargetAttributes = {
					71F8307A1F3CC550004A0E22 = {
						CreatedOnToolsVersion = 8.0;
						ProvisioningStyle = Automatic;
					};
				};
			};
			buildConfigurationList = 71F830761F3CC550004A0E22 /* Build configuration list for PBXProject "SwappingScreens" */;
			compatibilityVersion = "Xcode 3.2";
			developmentRegion = English;
			hasScannedForEncodings = 0;
			knownRegions = (
				en,
				Base,
			);
			mainGroup = 71F830721F3CC550004A0E22;
			productRefGroup = 71F8307C1F3CC550004A0E22 /* Products */;
			projectDirPath = "";
			projectRoot = "";
			targets = (
				71F8307A1F3CC550004A0E22 /* SwappingScreens */,
			);
		};
/* End PBXProject section */

/* Begin PBXResourcesBuildPhase section */
		71F830791F3CC550004A0E22 /* Resources */ = {
			isa = PBXResourcesBuildPhase;
			buildActionMask = 2147483647;
			files = (
				71F830891F3CC550004A0E22 /* LaunchScreen.storyboard in Resources */,
				71F830861F3CC550004A0E22 /* Assets.xcassets in Resources */,
				71F830841F3CC550004A0E22 /* Main.storyboard in Resources */,
			);
			runOnlyForDeploymentPostprocessing = 0;
		};
/* End PBXResourcesBuildPhase section */

/* Begin PBXSourcesBuildPhase section */
		71F830771F3CC550004A0E22 /* Sources */ = {
			isa = PBXSourcesBuildPhase;
			buildActionMask = 2147483647;
			files = (
				71F830911F3CC777004A0E22 /* MusicListVC.swift in Sources */,
				71F830811F3CC550004A0E22 /* LoginVC.swift in Sources */,
				71F8307F1F3CC550004A0E22 /* AppDelegate.swift in Sources */,
			);
			runOnlyForDeploymentPostprocessing = 0;
		};
/* End PBXSourcesBuildPhase section */

/* Begin PBXVariantGroup section */
		71F830821F3CC550004A0E22 /* Main.storyboard */ = {
			isa = PBXVariantGroup;
			children = (
				71F830831F3CC550004A0E22 /* Base */,
			);
			name = Main.storyboard;
			sourceTree = "<group>";
		};
		71F830871F3CC550004A0E22 /* LaunchScreen.storyboard */ = {
			isa = PBXVariantGroup;
			children = (
				71F830881F3CC550004A0E22 /* Base */,
			);
			name = LaunchScreen.storyboard;
			sourceTree = "<group>";
		};
/* End PBXVariantGroup section */

/* Begin XCBuildConfiguration section */
		71F8308B1F3CC550004A0E22 /* Debug */ = {
			isa = XCBuildConfiguration;
			buildSettings = {
				ALWAYS_SEARCH_USER_PATHS = NO;
				CLANG_ANALYZER_NONNULL = YES;
				CLANG_CXX_LANGUAGE_STANDARD = "gnu++0x";
				CLANG_CXX_LIBRARY = "libc++";
				CLANG_ENABLE_MODULES = YES;
				CLANG_ENABLE_OBJC_ARC = YES;
				CLANG_WARN_BOOL_CONVERSION = YES;
				CLANG_WARN_CONSTANT_CONVERSION = YES;
				CLANG_WARN_DIRECT_OBJC_ISA_USAGE = YES_ERROR;
				CLANG_WARN_DOCUMENTATION_COMMENTS = YES;
				CLANG_WARN_EMPTY_BODY = YES;
				CLANG_WARN_ENUM_CONVERSION = YES;
				CLANG_WARN_INFINITE_RECURSION = YES;
				CLANG_WARN_INT_CONVERSION = YES;
				CLANG_WARN_OBJC_ROOT_CLASS = YES_ERROR;
				CLANG_WARN_SUSPICIOUS_MOVES = YES;
				CLANG_WARN_UNREACHABLE_CODE = YES;
				CLANG_WARN__DUPLICATE_METHOD_MATCH = YES;
				"CODE_SIGN_IDENTITY[sdk=iphoneos*]" = "iPhone Developer";
				COPY_PHASE_STRIP = NO;
				DEBUG_INFORMATION_FORMAT = dwarf;
				ENABLE_STRICT_OBJC_MSGSEND = YES;
				ENABLE_TESTABILITY = YES;
				GCC_C_LANGUAGE_STANDARD = gnu99;
				GCC_DYNAMIC_NO_PIC = NO;
				GCC_NO_COMMON_BLOCKS = YES;
				GCC_OPTIMIZATION_LEVEL = 0;
				GCC_PREPROCESSOR_DEFINITIONS = (
					"DEBUG=1",
					"$(inherited)",
				);
				GCC_WARN_64_TO_32_BIT_CONVERSION = YES;
				GCC_WARN_ABOUT_RETURN_TYPE = YES_ERROR;
				GCC_WARN_UNDECLARED_SELECTOR = YES;
				GCC_WARN_UNINITIALIZED_AUTOS = YES_AGGRESSIVE;
				GCC_WARN_UNUSED_FUNCTION = YES;
				GCC_WARN_UNUSED_VARIABLE = YES;
				IPHONEOS_DEPLOYMENT_TARGET = 10.0;
				MTL_ENABLE_DEBUG_INFO = YES;
				ONLY_ACTIVE_ARCH = YES;
				SDKROOT = iphoneos;
				SWIFT_ACTIVE_COMPILATION_CONDITIONS = DEBUG;
				SWIFT_OPTIMIZATION_LEVEL = "-Onone";
				TARGETED_DEVICE_FAMILY = "1,2";
			};
			name = Debug;
		};
		71F8308C1F3CC550004A0E22 /* Release */ = {
			isa = XCBuildConfiguration;
			buildSettings = {
				ALWAYS_SEARCH_USER_PATHS = NO;
				CLANG_ANALYZER_NONNULL = YES;
				CLANG_CXX_LANGUAGE_STANDARD = "gnu++0x";
				CLANG_CXX_LIBRARY = "libc++";
				CLANG_ENABLE_MODULES = YES;
				CLANG_ENABLE_OBJC_ARC = YES;
				CLANG_WARN_BOOL_CONVERSION = YES;
				CLANG_WARN_CONSTANT_CONVERSION = YES;
				CLANG_WARN_DIRECT_OBJC_ISA_USAGE = YES_ERROR;
				CLANG_WARN_DOCUMENTATION_COMMENTS = YES;
				CLANG_WARN_EMPTY_BODY = YES;
				CLANG_WARN_ENUM_CONVERSION = YES;
				CLANG_WARN_INFINITE_RECURSION = YES;
				CLANG_WARN_INT_CONVERSION = YES;
				CLANG_WARN_OBJC_ROOT_CLASS = YES_ERROR;
				CLANG_WARN_SUSPICIOUS_MOVES = YES;
				CLANG_WARN_UNREACHABLE_CODE = YES;
				CLANG_WARN__DUPLICATE_METHOD_MATCH = YES;
				"CODE_SIGN_IDENTITY[sdk=iphoneos*]" = "iPhone Developer";
				COPY_PHASE_STRIP = NO;
				DEBUG_INFORMATION_FORMAT = "dwarf-with-dsym";
				ENABLE_NS_ASSERTIONS = NO;
				ENABLE_STRICT_OBJC_MSGSEND = YES;
				GCC_C_LANGUAGE_STANDARD = gnu99;
				GCC_NO_COMMON_BLOCKS = YES;
				GCC_WARN_64_TO_32_BIT_CONVERSION = YES;
				GCC_WARN_ABOUT_RETURN_TYPE = YES_ERROR;
				GCC_WARN_UNDECLARED_SELECTOR = YES;
				GCC_WARN_UNINITIALIZED_AUTOS = YES_AGGRESSIVE;
				GCC_WARN_UNUSED_FUNCTION = YES;
				GCC_WARN_UNUSED_VARIABLE = YES;
				IPHONEOS_DEPLOYMENT_TARGET = 10.0;
				MTL_ENABLE_DEBUG_INFO = NO;
				SDKROOT = iphoneos;
				SWIFT_OPTIMIZATION_LEVEL = "-Owholemodule";
				TARGETED_DEVICE_FAMILY = "1,2";
				VALIDATE_PRODUCT = YES;
			};
			name = Release;
		};
		71F8308E1F3CC550004A0E22 /* Debug */ = {
			isa = XCBuildConfiguration;
			buildSettings = {
				ASSETCATALOG_COMPILER_APPICON_NAME = AppIcon;
				INFOPLIST_FILE = SwappingScreens/Info.plist;
				LD_RUNPATH_SEARCH_PATHS = "$(inherited) @executable_path/Frameworks";
				PRODUCT_BUNDLE_IDENTIFIER = dmgudeman.SwappingScreens;
				PRODUCT_NAME = "$(TARGET_NAME)";
				SWIFT_VERSION = 3.0;
			};
			name = Debug;
		};
		71F8308F1F3CC550004A0E22 /* Release */ = {
			isa = XCBuildConfiguration;
			buildSettings = {
				ASSETCATALOG_COMPILER_APPICON_NAME = AppIcon;
				INFOPLIST_FILE = SwappingScreens/Info.plist;
				LD_RUNPATH_SEARCH_PATHS = "$(inherited) @executable_path/Frameworks";
				PRODUCT_BUNDLE_IDENTIFIER = dmgudeman.SwappingScreens;
				PRODUCT_NAME = "$(TARGET_NAME)";
				SWIFT_VERSION = 3.0;
			};
			name = Release;
		};
/* End XCBuildConfiguration section */

/* Begin XCConfigurationList section */
		71F830761F3CC550004A0E22 /* Build configuration list for PBXProject "SwappingScreens" */ = {
			isa = XCConfigurationList;
			buildConfigurations = (
				71F8308B1F3CC550004A0E22 /* Debug */,
				71F8308C1F3CC550004A0E22 /* Release */,
			);
			defaultConfigurationIsVisible = 0;
			defaultConfigurationName = Release;
		};
		71F8308D1F3CC550004A0E22 /* Build configuration list for PBXNativeTarget "SwappingScreens" */ = {
			isa = XCConfigurationList;
			buildConfigurations = (
				71F8308E1F3CC550004A0E22 /* Debug */,
				71F8308F1F3CC550004A0E22 /* Release */,
			);
			defaultConfigurationIsVisible = 0;
		};
/* End XCConfigurationList section */
	};
	rootObject = 71F830731F3CC550004A0E22 /* Project object */;
}
